
Microsoft Visual Studio Solution File, Format Version 12.00
# Visual Studio Version 16
VisualStudioVersion = 16.0.30320.27
MinimumVisualStudioVersion = 10.0.40219.1
Project("{9A19103F-16F7-4668-BE54-9A1E7A4F7556}") = "SampleEstructure", "SampleEstructure\SampleEstructure.csproj", "{BB1E25AC-85EF-419F-B864-65EECCC2BFEB}"
EndProject
Project("{9A19103F-16F7-4668-BE54-9A1E7A4F7556}") = "Consumedic.Test", "Consumedic.Test\Consumedic.Test.csproj", "{CF8FD43D-8119-4518-BFEA-BC9441C4B870}"
EndProject
Project("{00D1A9C2-B5F0-4AF3-8072-F6C62B433612}") = "Consumedic.BD", "Consumedic.BD\Consumedic.BD.sqlproj", "{995917B3-AA4C-48E3-91CB-3FB8D3B25CA9}"
EndProject
Global
	GlobalSection(SolutionConfigurationPlatforms) = preSolution
		Debug|Any CPU = Debug|Any CPU
		Release|Any CPU = Release|Any CPU
	EndGlobalSection
	GlobalSection(ProjectConfigurationPlatforms) = postSolution
		{BB1E25AC-85EF-419F-B864-65EECCC2BFEB}.Debug|Any CPU.ActiveCfg = Debug|Any CPU
		{BB1E25AC-85EF-419F-B864-65EECCC2BFEB}.Debug|Any CPU.Build.0 = Debug|Any CPU
		{BB1E25AC-85EF-419F-B864-65EECCC2BFEB}.Release|Any CPU.ActiveCfg = Release|Any CPU
		{BB1E25AC-85EF-419F-B864-65EECCC2BFEB}.Release|Any CPU.Build.0 = Release|Any CPU
		{CF8FD43D-8119-4518-BFEA-BC9441C4B870}.Debug|Any CPU.ActiveCfg = Debug|Any CPU
		{CF8FD43D-8119-4518-BFEA-BC9441C4B870}.Debug|Any CPU.Build.0 = Debug|Any CPU
		{CF8FD43D-8119-4518-BFEA-BC9441C4B870}.Release|Any CPU.ActiveCfg = Release|Any CPU
		{CF8FD43D-8119-4518-BFEA-BC9441C4B870}.Release|Any CPU.Build.0 = Release|Any CPU
		{995917B3-AA4C-48E3-91CB-3FB8D3B25CA9}.Debug|Any CPU.ActiveCfg = Debug|Any CPU
		{995917B3-AA4C-48E3-91CB-3FB8D3B25CA9}.Debug|Any CPU.Build.0 = Debug|Any CPU
		{995917B3-AA4C-48E3-91CB-3FB8D3B25CA9}.Debug|Any CPU.Deploy.0 = Debug|Any CPU
		{995917B3-AA4C-48E3-91CB-3FB8D3B25CA9}.Release|Any CPU.ActiveCfg = Release|Any CPU
		{995917B3-AA4C-48E3-91CB-3FB8D3B25CA9}.Release|Any CPU.Build.0 = Release|Any CPU
		{995917B3-AA4C-48E3-91CB-3FB8D3B25CA9}.Release|Any CPU.Deploy.0 = Release|Any CPU
	EndGlobalSection
	GlobalSection(SolutionProperties) = preSolution
		HideSolutionNode = FALSE
	EndGlobalSection
	GlobalSection(ExtensibilityGlobals) = postSolution
		SolutionGuid = {E36A9694-E4BF-4DA2-8B2C-D35300BE76DE}
	EndGlobalSection
EndGlobal
